
Microsoft Visual Studio Solution File, Format Version 12.00
# Visual Studio Version 17
VisualStudioVersion = 17.0.31903.59
MinimumVisualStudioVersion = 10.0.40219.1
Project("{2150E333-8FDC-42A3-9474-1A3956D46DE8}") = "src", "src", "{0D689A5E-9C89-48A1-8460-3444AD87E0E9}"
EndProject
Project("{FAE04EC0-301F-11D3-BF4B-00C04F79EFBC}") = "AuctionService", "src\AuctionService\AuctionService.csproj", "{18572CD0-3D8E-4A08-BDDA-FF636C04398F}"
EndProject
Project("{FAE04EC0-301F-11D3-BF4B-00C04F79EFBC}") = "SearchService", "src\SearchService\SearchService.csproj", "{F8A0CCE7-9D24-4E04-BD2E-504476E0171C}"
EndProject
Global
	GlobalSection(SolutionConfigurationPlatforms) = preSolution
		Debug|Any CPU = Debug|Any CPU
		Release|Any CPU = Release|Any CPU
	EndGlobalSection
	GlobalSection(SolutionProperties) = preSolution
		HideSolutionNode = FALSE
	EndGlobalSection
	GlobalSection(ProjectConfigurationPlatforms) = postSolution
		{18572CD0-3D8E-4A08-BDDA-FF636C04398F}.Debug|Any CPU.ActiveCfg = Debug|Any CPU
		{18572CD0-3D8E-4A08-BDDA-FF636C04398F}.Debug|Any CPU.Build.0 = Debug|Any CPU
		{18572CD0-3D8E-4A08-BDDA-FF636C04398F}.Release|Any CPU.ActiveCfg = Release|Any CPU
		{18572CD0-3D8E-4A08-BDDA-FF636C04398F}.Release|Any CPU.Build.0 = Release|Any CPU
		{F8A0CCE7-9D24-4E04-BD2E-504476E0171C}.Debug|Any CPU.ActiveCfg = Debug|Any CPU
		{F8A0CCE7-9D24-4E04-BD2E-504476E0171C}.Debug|Any CPU.Build.0 = Debug|Any CPU
		{F8A0CCE7-9D24-4E04-BD2E-504476E0171C}.Release|Any CPU.ActiveCfg = Release|Any CPU
		{F8A0CCE7-9D24-4E04-BD2E-504476E0171C}.Release|Any CPU.Build.0 = Release|Any CPU
	EndGlobalSection
	GlobalSection(NestedProjects) = preSolution
		{18572CD0-3D8E-4A08-BDDA-FF636C04398F} = {0D689A5E-9C89-48A1-8460-3444AD87E0E9}
		{F8A0CCE7-9D24-4E04-BD2E-504476E0171C} = {0D689A5E-9C89-48A1-8460-3444AD87E0E9}
	EndGlobalSection
EndGlobal
